
Microsoft Visual Studio Solution File, Format Version 12.00
# Visual Studio Version 17
VisualStudioVersion = 17.9.34616.47
MinimumVisualStudioVersion = 10.0.40219.1
Project("{9A19103F-16F7-4668-BE54-9A1E7A4F7556}") = "BetterCrates", "BetterCrates.csproj", "{98F2C3A2-7BB6-443F-BEA6-1D3DB985E433}"
EndProject
Global
	GlobalSection(SolutionConfigurationPlatforms) = preSolution
		Debug|Any CPU = Debug|Any CPU
		Release|Any CPU = Release|Any CPU
	EndGlobalSection
	GlobalSection(ProjectConfigurationPlatforms) = postSolution
		{98F2C3A2-7BB6-443F-BEA6-1D3DB985E433}.Debug|Any CPU.ActiveCfg = Debug|Any CPU
		{98F2C3A2-7BB6-443F-BEA6-1D3DB985E433}.Debug|Any CPU.Build.0 = Debug|Any CPU
		{98F2C3A2-7BB6-443F-BEA6-1D3DB985E433}.Release|Any CPU.ActiveCfg = Release|Any CPU
		{98F2C3A2-7BB6-443F-BEA6-1D3DB985E433}.Release|Any CPU.Build.0 = Release|Any CPU
	EndGlobalSection
	GlobalSection(SolutionProperties) = preSolution
		HideSolutionNode = FALSE
	EndGlobalSection
	GlobalSection(ExtensibilityGlobals) = postSolution
		SolutionGuid = {97538C82-0F46-4311-A746-548C5E27D9A7}
	EndGlobalSection
EndGlobal
